{
    "name": "grocery-ecommerce",
    "version": "1.0.0",
    "lockfileVersion": 3,
    "requires": true,
    "packages": {
        "": {
            "name": "grocery-ecommerce",
            "version": "1.0.0",
            "license": "ISC",
            "dependencies": {
                "grocery-ecommerce": "file:"
            }
        },
        "node_modules/grocery-ecommerce": {
            "resolved": "",
            "link": true
        }
    }
}
